// !$*UTF8*$!
{
	archiveVersion = 1;
	classes = {
	};
	objectVersion = 56;
	objects = {

/* Begin PBXBuildFile section */
		4D7FF2953AAA35FD3C652648 /* Pods_NextAGE_Shopify.framework in Frameworks */ = {isa = PBXBuildFile; fileRef = DC663D34942106885BA9D339 /* Pods_NextAGE_Shopify.framework */; };
		A94A12152C84D06D00AE0E09 /* AppDelegate.swift in Sources */ = {isa = PBXBuildFile; fileRef = A94A12142C84D06D00AE0E09 /* AppDelegate.swift */; };
		A94A12172C84D06D00AE0E09 /* SceneDelegate.swift in Sources */ = {isa = PBXBuildFile; fileRef = A94A12162C84D06D00AE0E09 /* SceneDelegate.swift */; };
		A94A121C2C84D06D00AE0E09 /* Main.storyboard in Resources */ = {isa = PBXBuildFile; fileRef = A94A121A2C84D06D00AE0E09 /* Main.storyboard */; };
		A94A121E2C84D07000AE0E09 /* Assets.xcassets in Resources */ = {isa = PBXBuildFile; fileRef = A94A121D2C84D07000AE0E09 /* Assets.xcassets */; };
		A94A12212C84D07000AE0E09 /* LaunchScreen.storyboard in Resources */ = {isa = PBXBuildFile; fileRef = A94A121F2C84D07000AE0E09 /* LaunchScreen.storyboard */; };
		A94A122B2C84D75000AE0E09 /* MainViewController.swift in Sources */ = {isa = PBXBuildFile; fileRef = A94A122A2C84D75000AE0E09 /* MainViewController.swift */; };
		A94A122D2C84DCA000AE0E09 /* UIView+Extension.swift in Sources */ = {isa = PBXBuildFile; fileRef = A94A122C2C84DCA000AE0E09 /* UIView+Extension.swift */; };
		A94A12312C84E5CD00AE0E09 /* SignupViewController.swift in Sources */ = {isa = PBXBuildFile; fileRef = A94A122F2C84E5CD00AE0E09 /* SignupViewController.swift */; };
		A94A12352C84E60E00AE0E09 /* SignInViewController.swift in Sources */ = {isa = PBXBuildFile; fileRef = A94A12332C84E60E00AE0E09 /* SignInViewController.swift */; };
		A95F17CB2C88F50C001FF2EF /* SearchViewController.swift in Sources */ = {isa = PBXBuildFile; fileRef = A95F17CA2C88F50C001FF2EF /* SearchViewController.swift */; };
		A95F17CD2C88F515001FF2EF /* SearchTableCell.swift in Sources */ = {isa = PBXBuildFile; fileRef = A95F17CC2C88F515001FF2EF /* SearchTableCell.swift */; };
		A970BF032C8780950082ED45 /* UICollectionView+Extension.swift in Sources */ = {isa = PBXBuildFile; fileRef = A970BF022C8780950082ED45 /* UICollectionView+Extension.swift */; };
		A970BF052C8780BB0082ED45 /* UserDefaultManager.swift in Sources */ = {isa = PBXBuildFile; fileRef = A970BF042C8780BB0082ED45 /* UserDefaultManager.swift */; };
		A970BF0B2C8781070082ED45 /* BrandsViewController.swift in Sources */ = {isa = PBXBuildFile; fileRef = A970BF092C8781070082ED45 /* BrandsViewController.swift */; };
		A970BF0C2C8781070082ED45 /* BrandItemCollectionCell.swift in Sources */ = {isa = PBXBuildFile; fileRef = A970BF0A2C8781070082ED45 /* BrandItemCollectionCell.swift */; };
		A970BF202C8782270082ED45 /* CategoriesViewController.swift in Sources */ = {isa = PBXBuildFile; fileRef = A970BF1E2C8782270082ED45 /* CategoriesViewController.swift */; };
		A970BF232C87AB580082ED45 /* CategoriesCollectionCell.swift in Sources */ = {isa = PBXBuildFile; fileRef = A970BF212C87AB580082ED45 /* CategoriesCollectionCell.swift */; };
		A970BF242C87AB580082ED45 /* CategoriesCollectionCell.xib in Resources */ = {isa = PBXBuildFile; fileRef = A970BF222C87AB580082ED45 /* CategoriesCollectionCell.xib */; };
		A970BF282C87D2940082ED45 /* UIViewController+Extension.swift in Sources */ = {isa = PBXBuildFile; fileRef = A970BF272C87D2940082ED45 /* UIViewController+Extension.swift */; };
		A970BF2A2C87D3070082ED45 /* ConnectivityService.swift in Sources */ = {isa = PBXBuildFile; fileRef = A970BF292C87D3070082ED45 /* ConnectivityService.swift */; };
		A970BF2C2C87F3AF0082ED45 /* Products.swift in Sources */ = {isa = PBXBuildFile; fileRef = A970BF2B2C87F3AF0082ED45 /* Products.swift */; };
		A970BF2E2C88ABE40082ED45 /* Helper.swift in Sources */ = {isa = PBXBuildFile; fileRef = A970BF2D2C88ABE40082ED45 /* Helper.swift */; };
		A9D0F0C62C864B1D00ABA14E /* adsModel.swift in Sources */ = {isa = PBXBuildFile; fileRef = A9D0F0C22C864B1D00ABA14E /* adsModel.swift */; };
		A9D0F0C72C864B1D00ABA14E /* AdsCollectionCell.swift in Sources */ = {isa = PBXBuildFile; fileRef = A9D0F0C32C864B1D00ABA14E /* AdsCollectionCell.swift */; };
		A9D0F0C82C864B1D00ABA14E /* BrandsCollectionCell.swift in Sources */ = {isa = PBXBuildFile; fileRef = A9D0F0C42C864B1D00ABA14E /* BrandsCollectionCell.swift */; };
		A9D0F0CA2C864B5100ABA14E /* CustomTapBar.xib in Resources */ = {isa = PBXBuildFile; fileRef = A9D0F0C92C864B5100ABA14E /* CustomTapBar.xib */; };
		A9D0F0CC2C864B6400ABA14E /* CustomTapBar.swift in Sources */ = {isa = PBXBuildFile; fileRef = A9D0F0CB2C864B6400ABA14E /* CustomTapBar.swift */; };
		A9D0F0D02C864B9B00ABA14E /* Colors.xcassets in Resources */ = {isa = PBXBuildFile; fileRef = A9D0F0CF2C864B9B00ABA14E /* Colors.xcassets */; };
		A9D0F0D22C864BBD00ABA14E /* Colors.swift in Sources */ = {isa = PBXBuildFile; fileRef = A9D0F0D12C864BBD00ABA14E /* Colors.swift */; };
		C64C33822C8741F500EF1928 /* Payment.storyboard in Resources */ = {isa = PBXBuildFile; fileRef = C64C33792C8741F500EF1928 /* Payment.storyboard */; };
		C64C33832C8741F500EF1928 /* ConfirmationViewController.swift in Sources */ = {isa = PBXBuildFile; fileRef = C64C337B2C8741F500EF1928 /* ConfirmationViewController.swift */; };
		C64C33842C8741F500EF1928 /* PaymentMethodCell.swift in Sources */ = {isa = PBXBuildFile; fileRef = C64C337C2C8741F500EF1928 /* PaymentMethodCell.swift */; };
		C64C33852C8741F500EF1928 /* PaymentViewController.swift in Sources */ = {isa = PBXBuildFile; fileRef = C64C337D2C8741F500EF1928 /* PaymentViewController.swift */; };
		C64C33862C8741F500EF1928 /* PaymentViewModel.swift in Sources */ = {isa = PBXBuildFile; fileRef = C64C337F2C8741F500EF1928 /* PaymentViewModel.swift */; };
		C662651A2C86596D003D317F /* CurrencyViewController.swift in Sources */ = {isa = PBXBuildFile; fileRef = C66265192C86596D003D317F /* CurrencyViewController.swift */; };
		C662651C2C86597D003D317F /* AboutViewController.swift in Sources */ = {isa = PBXBuildFile; fileRef = C662651B2C86597D003D317F /* AboutViewController.swift */; };
		C66E1F652C85108F001127F6 /* MainTabBarController.swift in Sources */ = {isa = PBXBuildFile; fileRef = C66E1F642C85108F001127F6 /* MainTabBarController.swift */; };
		C66E1F672C8510C4001127F6 /* MainTabBarViewModel.swift in Sources */ = {isa = PBXBuildFile; fileRef = C66E1F662C8510C4001127F6 /* MainTabBarViewModel.swift */; };
		C66E1F692C8510D6001127F6 /* MainTabBar.storyboard in Resources */ = {isa = PBXBuildFile; fileRef = C66E1F682C8510D6001127F6 /* MainTabBar.storyboard */; };
		C66E1F6F2C85113E001127F6 /* HomeViewModel.swift in Sources */ = {isa = PBXBuildFile; fileRef = C66E1F6E2C85113E001127F6 /* HomeViewModel.swift */; };
		C66E1F712C85115C001127F6 /* HomeViewController.swift in Sources */ = {isa = PBXBuildFile; fileRef = C66E1F702C85115C001127F6 /* HomeViewController.swift */; };
		C66E1F732C85116B001127F6 /* Home.storyboard in Resources */ = {isa = PBXBuildFile; fileRef = C66E1F722C85116B001127F6 /* Home.storyboard */; };
		C66E1F792C8511A3001127F6 /* ShoppingCartViewController.swift in Sources */ = {isa = PBXBuildFile; fileRef = C66E1F782C8511A3001127F6 /* ShoppingCartViewController.swift */; };
		C66E1F7B2C8511AC001127F6 /* ShoppingCart.storyboard in Resources */ = {isa = PBXBuildFile; fileRef = C66E1F7A2C8511AC001127F6 /* ShoppingCart.storyboard */; };
		C66E1F7D2C8511B7001127F6 /* ShoppingCartViewModel.swift in Sources */ = {isa = PBXBuildFile; fileRef = C66E1F7C2C8511B7001127F6 /* ShoppingCartViewModel.swift */; };
		C66E1F862C8512AF001127F6 /* Auth.storyboard in Resources */ = {isa = PBXBuildFile; fileRef = C66E1F852C8512AF001127F6 /* Auth.storyboard */; };
		C66E1F882C8512C6001127F6 /* placeholder3.swift in Sources */ = {isa = PBXBuildFile; fileRef = C66E1F872C8512C6001127F6 /* placeholder3.swift */; };
		C674326C2C863693001A0753 /* AuthOptionsViewController.swift in Sources */ = {isa = PBXBuildFile; fileRef = C67432692C863693001A0753 /* AuthOptionsViewController.swift */; };
		C674326D2C863693001A0753 /* HomeViewControllerr.swift in Sources */ = {isa = PBXBuildFile; fileRef = C674326A2C863693001A0753 /* HomeViewControllerr.swift */; };
		C674326E2C863693001A0753 /* AuthOptionsView.swift in Sources */ = {isa = PBXBuildFile; fileRef = C674326B2C863693001A0753 /* AuthOptionsView.swift */; };
		C67432702C863818001A0753 /* intro.mp4 in Resources */ = {isa = PBXBuildFile; fileRef = C674326F2C863818001A0753 /* intro.mp4 */; };
		C67432762C863A43001A0753 /* ProductDetailsViewController.swift in Sources */ = {isa = PBXBuildFile; fileRef = C67432752C863A43001A0753 /* ProductDetailsViewController.swift */; };
		C674327A2C863A5E001A0753 /* ProductDetails.storyboard in Resources */ = {isa = PBXBuildFile; fileRef = C67432792C863A5E001A0753 /* ProductDetails.storyboard */; };
		C674327C2C863AA6001A0753 /* ProductDetailsViewModel.swift in Sources */ = {isa = PBXBuildFile; fileRef = C674327B2C863AA6001A0753 /* ProductDetailsViewModel.swift */; };
		C67432882C863CE6001A0753 /* ProductCell.swift in Sources */ = {isa = PBXBuildFile; fileRef = C67432872C863CE6001A0753 /* ProductCell.swift */; };
		C674328F2C863F11001A0753 /* Settings.storyboard in Resources */ = {isa = PBXBuildFile; fileRef = C67432892C863F11001A0753 /* Settings.storyboard */; };
		C67432902C863F11001A0753 /* SettingCell.swift in Sources */ = {isa = PBXBuildFile; fileRef = C674328B2C863F11001A0753 /* SettingCell.swift */; };
		C67432912C863F11001A0753 /* SettingsViewController.swift in Sources */ = {isa = PBXBuildFile; fileRef = C674328C2C863F11001A0753 /* SettingsViewController.swift */; };
		C67432942C863F35001A0753 /* SettingsViewModel.swift in Sources */ = {isa = PBXBuildFile; fileRef = C67432932C863F35001A0753 /* SettingsViewModel.swift */; };
		C68C4EC22C878ADC0040DF87 /* NetworkManager.swift in Sources */ = {isa = PBXBuildFile; fileRef = C68C4EC12C878ADC0040DF87 /* NetworkManager.swift */; };
		C68C4EC62C878CBE0040DF87 /* NetworkHelper.swift in Sources */ = {isa = PBXBuildFile; fileRef = C68C4EC52C878CBE0040DF87 /* NetworkHelper.swift */; };
		C68C4EDF2C87A6B00040DF87 /* ShopfiyAPI.swift in Sources */ = {isa = PBXBuildFile; fileRef = C68C4EDE2C87A6B00040DF87 /* ShopfiyAPI.swift */; };
		C68C4EE12C87A6D40040DF87 /* BrandsCollection.swift in Sources */ = {isa = PBXBuildFile; fileRef = C68C4EE02C87A6D40040DF87 /* BrandsCollection.swift */; };
		C6B78B7B2C8A117100889849 /* AddressViewController.swift in Sources */ = {isa = PBXBuildFile; fileRef = C6B78B782C8A117100889849 /* AddressViewController.swift */; };
		C6B78B7C2C8A117100889849 /* DiscountViewController.swift in Sources */ = {isa = PBXBuildFile; fileRef = C6B78B792C8A117100889849 /* DiscountViewController.swift */; };
		C6B78B7D2C8A117100889849 /* AddAddressViewController.swift in Sources */ = {isa = PBXBuildFile; fileRef = C6B78B7A2C8A117100889849 /* AddAddressViewController.swift */; };
/* End PBXBuildFile section */

/* Begin PBXFileReference section */
		3A68950D12B1ACB373B86999 /* Pods-NextAGE Shopify.debug.xcconfig */ = {isa = PBXFileReference; includeInIndex = 1; lastKnownFileType = text.xcconfig; name = "Pods-NextAGE Shopify.debug.xcconfig"; path = "Target Support Files/Pods-NextAGE Shopify/Pods-NextAGE Shopify.debug.xcconfig"; sourceTree = "<group>"; };
		A94A12112C84D06D00AE0E09 /* NextAGE Shopify.app */ = {isa = PBXFileReference; explicitFileType = wrapper.application; includeInIndex = 0; path = "NextAGE Shopify.app"; sourceTree = BUILT_PRODUCTS_DIR; };
		A94A12142C84D06D00AE0E09 /* AppDelegate.swift */ = {isa = PBXFileReference; lastKnownFileType = sourcecode.swift; path = AppDelegate.swift; sourceTree = "<group>"; };
		A94A12162C84D06D00AE0E09 /* SceneDelegate.swift */ = {isa = PBXFileReference; lastKnownFileType = sourcecode.swift; path = SceneDelegate.swift; sourceTree = "<group>"; };
		A94A121B2C84D06D00AE0E09 /* Base */ = {isa = PBXFileReference; lastKnownFileType = file.storyboard; name = Base; path = Base.lproj/Main.storyboard; sourceTree = "<group>"; };
		A94A121D2C84D07000AE0E09 /* Assets.xcassets */ = {isa = PBXFileReference; lastKnownFileType = folder.assetcatalog; path = Assets.xcassets; sourceTree = "<group>"; };
		A94A12202C84D07000AE0E09 /* Base */ = {isa = PBXFileReference; lastKnownFileType = file.storyboard; name = Base; path = Base.lproj/LaunchScreen.storyboard; sourceTree = "<group>"; };
		A94A12222C84D07000AE0E09 /* Info.plist */ = {isa = PBXFileReference; lastKnownFileType = text.plist.xml; path = Info.plist; sourceTree = "<group>"; };
		A94A122A2C84D75000AE0E09 /* MainViewController.swift */ = {isa = PBXFileReference; lastKnownFileType = sourcecode.swift; path = MainViewController.swift; sourceTree = "<group>"; };
		A94A122C2C84DCA000AE0E09 /* UIView+Extension.swift */ = {isa = PBXFileReference; lastKnownFileType = sourcecode.swift; path = "UIView+Extension.swift"; sourceTree = "<group>"; };
		A94A122F2C84E5CD00AE0E09 /* SignupViewController.swift */ = {isa = PBXFileReference; lastKnownFileType = sourcecode.swift; path = SignupViewController.swift; sourceTree = "<group>"; };
		A94A12332C84E60E00AE0E09 /* SignInViewController.swift */ = {isa = PBXFileReference; lastKnownFileType = sourcecode.swift; path = SignInViewController.swift; sourceTree = "<group>"; };
		A95F17CA2C88F50C001FF2EF /* SearchViewController.swift */ = {isa = PBXFileReference; fileEncoding = 4; lastKnownFileType = sourcecode.swift; path = SearchViewController.swift; sourceTree = "<group>"; };
		A95F17CC2C88F515001FF2EF /* SearchTableCell.swift */ = {isa = PBXFileReference; fileEncoding = 4; lastKnownFileType = sourcecode.swift; path = SearchTableCell.swift; sourceTree = "<group>"; };
		A970BF022C8780950082ED45 /* UICollectionView+Extension.swift */ = {isa = PBXFileReference; fileEncoding = 4; lastKnownFileType = sourcecode.swift; path = "UICollectionView+Extension.swift"; sourceTree = "<group>"; };
		A970BF042C8780BB0082ED45 /* UserDefaultManager.swift */ = {isa = PBXFileReference; fileEncoding = 4; lastKnownFileType = sourcecode.swift; path = UserDefaultManager.swift; sourceTree = "<group>"; };
		A970BF092C8781070082ED45 /* BrandsViewController.swift */ = {isa = PBXFileReference; fileEncoding = 4; lastKnownFileType = sourcecode.swift; path = BrandsViewController.swift; sourceTree = "<group>"; };
		A970BF0A2C8781070082ED45 /* BrandItemCollectionCell.swift */ = {isa = PBXFileReference; fileEncoding = 4; lastKnownFileType = sourcecode.swift; path = BrandItemCollectionCell.swift; sourceTree = "<group>"; };
		A970BF1E2C8782270082ED45 /* CategoriesViewController.swift */ = {isa = PBXFileReference; fileEncoding = 4; lastKnownFileType = sourcecode.swift; path = CategoriesViewController.swift; sourceTree = "<group>"; };
		A970BF212C87AB580082ED45 /* CategoriesCollectionCell.swift */ = {isa = PBXFileReference; lastKnownFileType = sourcecode.swift; path = CategoriesCollectionCell.swift; sourceTree = "<group>"; };
		A970BF222C87AB580082ED45 /* CategoriesCollectionCell.xib */ = {isa = PBXFileReference; lastKnownFileType = file.xib; path = CategoriesCollectionCell.xib; sourceTree = "<group>"; };
		A970BF272C87D2940082ED45 /* UIViewController+Extension.swift */ = {isa = PBXFileReference; lastKnownFileType = sourcecode.swift; path = "UIViewController+Extension.swift"; sourceTree = "<group>"; };
		A970BF292C87D3070082ED45 /* ConnectivityService.swift */ = {isa = PBXFileReference; lastKnownFileType = sourcecode.swift; path = ConnectivityService.swift; sourceTree = "<group>"; };
		A970BF2B2C87F3AF0082ED45 /* Products.swift */ = {isa = PBXFileReference; lastKnownFileType = sourcecode.swift; path = Products.swift; sourceTree = "<group>"; };
		A970BF2D2C88ABE40082ED45 /* Helper.swift */ = {isa = PBXFileReference; lastKnownFileType = sourcecode.swift; path = Helper.swift; sourceTree = "<group>"; };
		A9D0F0C22C864B1D00ABA14E /* adsModel.swift */ = {isa = PBXFileReference; fileEncoding = 4; lastKnownFileType = sourcecode.swift; path = adsModel.swift; sourceTree = "<group>"; };
		A9D0F0C32C864B1D00ABA14E /* AdsCollectionCell.swift */ = {isa = PBXFileReference; fileEncoding = 4; lastKnownFileType = sourcecode.swift; path = AdsCollectionCell.swift; sourceTree = "<group>"; };
		A9D0F0C42C864B1D00ABA14E /* BrandsCollectionCell.swift */ = {isa = PBXFileReference; fileEncoding = 4; lastKnownFileType = sourcecode.swift; path = BrandsCollectionCell.swift; sourceTree = "<group>"; };
		A9D0F0C92C864B5100ABA14E /* CustomTapBar.xib */ = {isa = PBXFileReference; fileEncoding = 4; lastKnownFileType = file.xib; path = CustomTapBar.xib; sourceTree = "<group>"; };
		A9D0F0CB2C864B6400ABA14E /* CustomTapBar.swift */ = {isa = PBXFileReference; fileEncoding = 4; lastKnownFileType = sourcecode.swift; path = CustomTapBar.swift; sourceTree = "<group>"; };
		A9D0F0CF2C864B9B00ABA14E /* Colors.xcassets */ = {isa = PBXFileReference; lastKnownFileType = folder.assetcatalog; path = Colors.xcassets; sourceTree = "<group>"; };
		A9D0F0D12C864BBD00ABA14E /* Colors.swift */ = {isa = PBXFileReference; fileEncoding = 4; lastKnownFileType = sourcecode.swift; path = Colors.swift; sourceTree = "<group>"; };
		B72BC91ED353A326E35BAEEE /* Pods-NextAGE Shopify.release.xcconfig */ = {isa = PBXFileReference; includeInIndex = 1; lastKnownFileType = text.xcconfig; name = "Pods-NextAGE Shopify.release.xcconfig"; path = "Target Support Files/Pods-NextAGE Shopify/Pods-NextAGE Shopify.release.xcconfig"; sourceTree = "<group>"; };
		C64C33792C8741F500EF1928 /* Payment.storyboard */ = {isa = PBXFileReference; fileEncoding = 4; lastKnownFileType = file.storyboard; path = Payment.storyboard; sourceTree = "<group>"; };
		C64C337B2C8741F500EF1928 /* ConfirmationViewController.swift */ = {isa = PBXFileReference; fileEncoding = 4; lastKnownFileType = sourcecode.swift; path = ConfirmationViewController.swift; sourceTree = "<group>"; };
		C64C337C2C8741F500EF1928 /* PaymentMethodCell.swift */ = {isa = PBXFileReference; fileEncoding = 4; lastKnownFileType = sourcecode.swift; path = PaymentMethodCell.swift; sourceTree = "<group>"; };
		C64C337D2C8741F500EF1928 /* PaymentViewController.swift */ = {isa = PBXFileReference; fileEncoding = 4; lastKnownFileType = sourcecode.swift; path = PaymentViewController.swift; sourceTree = "<group>"; };
		C64C337F2C8741F500EF1928 /* PaymentViewModel.swift */ = {isa = PBXFileReference; fileEncoding = 4; lastKnownFileType = sourcecode.swift; path = PaymentViewModel.swift; sourceTree = "<group>"; };
		C66265192C86596D003D317F /* CurrencyViewController.swift */ = {isa = PBXFileReference; lastKnownFileType = sourcecode.swift; path = CurrencyViewController.swift; sourceTree = "<group>"; };
		C662651B2C86597D003D317F /* AboutViewController.swift */ = {isa = PBXFileReference; lastKnownFileType = sourcecode.swift; path = AboutViewController.swift; sourceTree = "<group>"; };
		C66E1F642C85108F001127F6 /* MainTabBarController.swift */ = {isa = PBXFileReference; lastKnownFileType = sourcecode.swift; path = MainTabBarController.swift; sourceTree = "<group>"; };
		C66E1F662C8510C4001127F6 /* MainTabBarViewModel.swift */ = {isa = PBXFileReference; lastKnownFileType = sourcecode.swift; path = MainTabBarViewModel.swift; sourceTree = "<group>"; };
		C66E1F682C8510D6001127F6 /* MainTabBar.storyboard */ = {isa = PBXFileReference; lastKnownFileType = file.storyboard; path = MainTabBar.storyboard; sourceTree = "<group>"; };
		C66E1F6E2C85113E001127F6 /* HomeViewModel.swift */ = {isa = PBXFileReference; lastKnownFileType = sourcecode.swift; path = HomeViewModel.swift; sourceTree = "<group>"; };
		C66E1F702C85115C001127F6 /* HomeViewController.swift */ = {isa = PBXFileReference; lastKnownFileType = sourcecode.swift; path = HomeViewController.swift; sourceTree = "<group>"; };
		C66E1F722C85116B001127F6 /* Home.storyboard */ = {isa = PBXFileReference; lastKnownFileType = file.storyboard; path = Home.storyboard; sourceTree = "<group>"; };
		C66E1F782C8511A3001127F6 /* ShoppingCartViewController.swift */ = {isa = PBXFileReference; lastKnownFileType = sourcecode.swift; path = ShoppingCartViewController.swift; sourceTree = "<group>"; };
		C66E1F7A2C8511AC001127F6 /* ShoppingCart.storyboard */ = {isa = PBXFileReference; lastKnownFileType = file.storyboard; path = ShoppingCart.storyboard; sourceTree = "<group>"; };
		C66E1F7C2C8511B7001127F6 /* ShoppingCartViewModel.swift */ = {isa = PBXFileReference; lastKnownFileType = sourcecode.swift; path = ShoppingCartViewModel.swift; sourceTree = "<group>"; };
		C66E1F852C8512AF001127F6 /* Auth.storyboard */ = {isa = PBXFileReference; lastKnownFileType = file.storyboard; path = Auth.storyboard; sourceTree = "<group>"; };
		C66E1F872C8512C6001127F6 /* placeholder3.swift */ = {isa = PBXFileReference; lastKnownFileType = sourcecode.swift; path = placeholder3.swift; sourceTree = "<group>"; };
		C67432692C863693001A0753 /* AuthOptionsViewController.swift */ = {isa = PBXFileReference; fileEncoding = 4; lastKnownFileType = sourcecode.swift; path = AuthOptionsViewController.swift; sourceTree = "<group>"; };
		C674326A2C863693001A0753 /* HomeViewControllerr.swift */ = {isa = PBXFileReference; fileEncoding = 4; lastKnownFileType = sourcecode.swift; path = HomeViewControllerr.swift; sourceTree = "<group>"; };
		C674326B2C863693001A0753 /* AuthOptionsView.swift */ = {isa = PBXFileReference; fileEncoding = 4; lastKnownFileType = sourcecode.swift; path = AuthOptionsView.swift; sourceTree = "<group>"; };
		C674326F2C863818001A0753 /* intro.mp4 */ = {isa = PBXFileReference; lastKnownFileType = file; path = intro.mp4; sourceTree = "<group>"; };
		C67432752C863A43001A0753 /* ProductDetailsViewController.swift */ = {isa = PBXFileReference; lastKnownFileType = sourcecode.swift; path = ProductDetailsViewController.swift; sourceTree = "<group>"; };
		C67432792C863A5E001A0753 /* ProductDetails.storyboard */ = {isa = PBXFileReference; lastKnownFileType = file.storyboard; path = ProductDetails.storyboard; sourceTree = "<group>"; };
		C674327B2C863AA6001A0753 /* ProductDetailsViewModel.swift */ = {isa = PBXFileReference; lastKnownFileType = sourcecode.swift; path = ProductDetailsViewModel.swift; sourceTree = "<group>"; };
		C67432872C863CE6001A0753 /* ProductCell.swift */ = {isa = PBXFileReference; fileEncoding = 4; lastKnownFileType = sourcecode.swift; path = ProductCell.swift; sourceTree = "<group>"; };
		C67432892C863F11001A0753 /* Settings.storyboard */ = {isa = PBXFileReference; fileEncoding = 4; lastKnownFileType = file.storyboard; path = Settings.storyboard; sourceTree = "<group>"; };
		C674328B2C863F11001A0753 /* SettingCell.swift */ = {isa = PBXFileReference; fileEncoding = 4; lastKnownFileType = sourcecode.swift; path = SettingCell.swift; sourceTree = "<group>"; };
		C674328C2C863F11001A0753 /* SettingsViewController.swift */ = {isa = PBXFileReference; fileEncoding = 4; lastKnownFileType = sourcecode.swift; path = SettingsViewController.swift; sourceTree = "<group>"; };
		C67432932C863F35001A0753 /* SettingsViewModel.swift */ = {isa = PBXFileReference; lastKnownFileType = sourcecode.swift; path = SettingsViewModel.swift; sourceTree = "<group>"; };
		C68C4EC12C878ADC0040DF87 /* NetworkManager.swift */ = {isa = PBXFileReference; lastKnownFileType = sourcecode.swift; path = NetworkManager.swift; sourceTree = "<group>"; };
		C68C4EC52C878CBE0040DF87 /* NetworkHelper.swift */ = {isa = PBXFileReference; lastKnownFileType = sourcecode.swift; path = NetworkHelper.swift; sourceTree = "<group>"; };
		C68C4EDE2C87A6B00040DF87 /* ShopfiyAPI.swift */ = {isa = PBXFileReference; fileEncoding = 4; lastKnownFileType = sourcecode.swift; path = ShopfiyAPI.swift; sourceTree = "<group>"; };
		C68C4EE02C87A6D40040DF87 /* BrandsCollection.swift */ = {isa = PBXFileReference; fileEncoding = 4; lastKnownFileType = sourcecode.swift; path = BrandsCollection.swift; sourceTree = "<group>"; };
		C6B78B782C8A117100889849 /* AddressViewController.swift */ = {isa = PBXFileReference; fileEncoding = 4; lastKnownFileType = sourcecode.swift; path = AddressViewController.swift; sourceTree = "<group>"; };
		C6B78B792C8A117100889849 /* DiscountViewController.swift */ = {isa = PBXFileReference; fileEncoding = 4; lastKnownFileType = sourcecode.swift; path = DiscountViewController.swift; sourceTree = "<group>"; };
		C6B78B7A2C8A117100889849 /* AddAddressViewController.swift */ = {isa = PBXFileReference; fileEncoding = 4; lastKnownFileType = sourcecode.swift; path = AddAddressViewController.swift; sourceTree = "<group>"; };
		DC663D34942106885BA9D339 /* Pods_NextAGE_Shopify.framework */ = {isa = PBXFileReference; explicitFileType = wrapper.framework; includeInIndex = 0; path = Pods_NextAGE_Shopify.framework; sourceTree = BUILT_PRODUCTS_DIR; };
/* End PBXFileReference section */

/* Begin PBXFrameworksBuildPhase section */
		A94A120E2C84D06D00AE0E09 /* Frameworks */ = {
			isa = PBXFrameworksBuildPhase;
			buildActionMask = 2147483647;
			files = (
				4D7FF2953AAA35FD3C652648 /* Pods_NextAGE_Shopify.framework in Frameworks */,
			);
			runOnlyForDeploymentPostprocessing = 0;
		};
/* End PBXFrameworksBuildPhase section */

/* Begin PBXGroup section */
		84FB15B2E652238D624325B4 /* Frameworks */ = {
			isa = PBXGroup;
			children = (
				DC663D34942106885BA9D339 /* Pods_NextAGE_Shopify.framework */,
			);
			name = Frameworks;
			sourceTree = "<group>";
		};
		A94A12082C84D06D00AE0E09 = {
			isa = PBXGroup;
			children = (
				A94A12132C84D06D00AE0E09 /* NextAGE Shopify */,
				A94A12122C84D06D00AE0E09 /* Products */,
				C9F62C285B9CD962C443C723 /* Pods */,
				84FB15B2E652238D624325B4 /* Frameworks */,
			);
			sourceTree = "<group>";
		};
		A94A12122C84D06D00AE0E09 /* Products */ = {
			isa = PBXGroup;
			children = (
				A94A12112C84D06D00AE0E09 /* NextAGE Shopify.app */,
			);
			name = Products;
			sourceTree = "<group>";
		};
		A94A12132C84D06D00AE0E09 /* NextAGE Shopify */ = {
			isa = PBXGroup;
			children = (
				C66E1F572C850E74001127F6 /* Utilities */,
				C66E1F522C850E3F001127F6 /* Services */,
				C66E1F7E2C8511E3001127F6 /* Model */,
				A94A12282C84D35C00AE0E09 /* View */,
				A94A122E2C84E5A900AE0E09 /* Modules */,
				A94A12142C84D06D00AE0E09 /* AppDelegate.swift */,
				A94A12162C84D06D00AE0E09 /* SceneDelegate.swift */,
				A94A121D2C84D07000AE0E09 /* Assets.xcassets */,
				A9D0F0CF2C864B9B00ABA14E /* Colors.xcassets */,
				A94A12222C84D07000AE0E09 /* Info.plist */,
				C674326F2C863818001A0753 /* intro.mp4 */,
			);
			path = "NextAGE Shopify";
			sourceTree = "<group>";
		};
		A94A12282C84D35C00AE0E09 /* View */ = {
			isa = PBXGroup;
			children = (
				A94A122A2C84D75000AE0E09 /* MainViewController.swift */,
				C66E1F5E2C850F40001127F6 /* Storyboard */,
			);
			path = View;
			sourceTree = "<group>";
		};
		A94A122E2C84E5A900AE0E09 /* Modules */ = {
			isa = PBXGroup;
			children = (
				A970BF182C8781EB0082ED45 /* Categories */,
				A970BF0D2C87812D0082ED45 /* Search */,
				A970BF082C8780F70082ED45 /* Brands */,
				C64C33812C8741F500EF1928 /* Payment */,
				C674328E2C863F11001A0753 /* Settings */,
				C67432712C863A10001A0753 /* ProductDetails */,
				C66E1F602C850F9B001127F6 /* Auth */,
				C66E1F582C850E9B001127F6 /* MainTabBar */,
				C66E1F6A2C851118001127F6 /* Home */,
				C66E1F742C851185001127F6 /* ShoppingCart */,
			);
			path = Modules;
			sourceTree = "<group>";
		};
		A970BF082C8780F70082ED45 /* Brands */ = {
			isa = PBXGroup;
			children = (
				A970BF0A2C8781070082ED45 /* BrandItemCollectionCell.swift */,
				A970BF092C8781070082ED45 /* BrandsViewController.swift */,
			);
			path = Brands;
			sourceTree = "<group>";
		};
		A970BF0D2C87812D0082ED45 /* Search */ = {
			isa = PBXGroup;
			children = (
				A95F17CC2C88F515001FF2EF /* SearchTableCell.swift */,
				A95F17CA2C88F50C001FF2EF /* SearchViewController.swift */,
			);
			path = Search;
			sourceTree = "<group>";
		};
		A970BF182C8781EB0082ED45 /* Categories */ = {
			isa = PBXGroup;
			children = (
				A970BF1E2C8782270082ED45 /* CategoriesViewController.swift */,
				A970BF212C87AB580082ED45 /* CategoriesCollectionCell.swift */,
				A970BF222C87AB580082ED45 /* CategoriesCollectionCell.xib */,
			);
			path = Categories;
			sourceTree = "<group>";
		};
		C64C337A2C8741F500EF1928 /* Storyboard */ = {
			isa = PBXGroup;
			children = (
				C64C33792C8741F500EF1928 /* Payment.storyboard */,
			);
			path = Storyboard;
			sourceTree = "<group>";
		};
		C64C337E2C8741F500EF1928 /* View */ = {
			isa = PBXGroup;
			children = (
				C64C337D2C8741F500EF1928 /* PaymentViewController.swift */,
				C64C337C2C8741F500EF1928 /* PaymentMethodCell.swift */,
				C64C337B2C8741F500EF1928 /* ConfirmationViewController.swift */,
				C64C337A2C8741F500EF1928 /* Storyboard */,
			);
			path = View;
			sourceTree = "<group>";
		};
		C64C33802C8741F500EF1928 /* ViewModel */ = {
			isa = PBXGroup;
			children = (
				C64C337F2C8741F500EF1928 /* PaymentViewModel.swift */,
			);
			path = ViewModel;
			sourceTree = "<group>";
		};
		C64C33812C8741F500EF1928 /* Payment */ = {
			isa = PBXGroup;
			children = (
				C64C337E2C8741F500EF1928 /* View */,
				C64C33802C8741F500EF1928 /* ViewModel */,
			);
			path = Payment;
			sourceTree = "<group>";
		};
		C66E1F522C850E3F001127F6 /* Services */ = {
			isa = PBXGroup;
			children = (
				C66E1F532C850E4A001127F6 /* Local */,
				C66E1F552C850E5B001127F6 /* Remote */,
			);
			path = Services;
			sourceTree = "<group>";
		};
		C66E1F532C850E4A001127F6 /* Local */ = {
			isa = PBXGroup;
			children = (
				A970BF042C8780BB0082ED45 /* UserDefaultManager.swift */,
			);
			path = Local;
			sourceTree = "<group>";
		};
		C66E1F552C850E5B001127F6 /* Remote */ = {
			isa = PBXGroup;
			children = (
				C68C4EC12C878ADC0040DF87 /* NetworkManager.swift */,
				A970BF292C87D3070082ED45 /* ConnectivityService.swift */,
				C68C4EC52C878CBE0040DF87 /* NetworkHelper.swift */,
				C68C4EDE2C87A6B00040DF87 /* ShopfiyAPI.swift */,
			);
			path = Remote;
			sourceTree = "<group>";
		};
		C66E1F572C850E74001127F6 /* Utilities */ = {
			isa = PBXGroup;
			children = (
				A94A122C2C84DCA000AE0E09 /* UIView+Extension.swift */,
				A970BF272C87D2940082ED45 /* UIViewController+Extension.swift */,
				A970BF022C8780950082ED45 /* UICollectionView+Extension.swift */,
				A9D0F0D12C864BBD00ABA14E /* Colors.swift */,
				A970BF2D2C88ABE40082ED45 /* Helper.swift */,
			);
			path = Utilities;
			sourceTree = "<group>";
		};
		C66E1F582C850E9B001127F6 /* MainTabBar */ = {
			isa = PBXGroup;
			children = (
				C66E1F5A2C850EA6001127F6 /* View */,
				C66E1F592C850EA1001127F6 /* ViewModel */,
			);
			path = MainTabBar;
			sourceTree = "<group>";
		};
		C66E1F592C850EA1001127F6 /* ViewModel */ = {
			isa = PBXGroup;
			children = (
				C66E1F662C8510C4001127F6 /* MainTabBarViewModel.swift */,
			);
			path = ViewModel;
			sourceTree = "<group>";
		};
		C66E1F5A2C850EA6001127F6 /* View */ = {
			isa = PBXGroup;
			children = (
				C66E1F642C85108F001127F6 /* MainTabBarController.swift */,
				A9D0F0CB2C864B6400ABA14E /* CustomTapBar.swift */,
				C66E1F5B2C850EA9001127F6 /* Storybaord */,
			);
			path = View;
			sourceTree = "<group>";
		};
		C66E1F5B2C850EA9001127F6 /* Storybaord */ = {
			isa = PBXGroup;
			children = (
				C66E1F682C8510D6001127F6 /* MainTabBar.storyboard */,
				A9D0F0C92C864B5100ABA14E /* CustomTapBar.xib */,
			);
			path = Storybaord;
			sourceTree = "<group>";
		};
		C66E1F5E2C850F40001127F6 /* Storyboard */ = {
			isa = PBXGroup;
			children = (
				A94A121F2C84D07000AE0E09 /* LaunchScreen.storyboard */,
				A94A121A2C84D06D00AE0E09 /* Main.storyboard */,
			);
			path = Storyboard;
			sourceTree = "<group>";
		};
		C66E1F602C850F9B001127F6 /* Auth */ = {
			isa = PBXGroup;
			children = (
				C66E1F622C850FA7001127F6 /* View */,
				C66E1F612C850FA2001127F6 /* ViewModel */,
			);
			path = Auth;
			sourceTree = "<group>";
		};
		C66E1F612C850FA2001127F6 /* ViewModel */ = {
			isa = PBXGroup;
			children = (
				C66E1F872C8512C6001127F6 /* placeholder3.swift */,
			);
			path = ViewModel;
			sourceTree = "<group>";
		};
		C66E1F622C850FA7001127F6 /* View */ = {
			isa = PBXGroup;
			children = (
				C674326B2C863693001A0753 /* AuthOptionsView.swift */,
				C67432692C863693001A0753 /* AuthOptionsViewController.swift */,
				C674326A2C863693001A0753 /* HomeViewControllerr.swift */,
				A94A122F2C84E5CD00AE0E09 /* SignupViewController.swift */,
				A94A12332C84E60E00AE0E09 /* SignInViewController.swift */,
				C66E1F632C850FA9001127F6 /* Storyboard */,
			);
			path = View;
			sourceTree = "<group>";
		};
		C66E1F632C850FA9001127F6 /* Storyboard */ = {
			isa = PBXGroup;
			children = (
				C66E1F852C8512AF001127F6 /* Auth.storyboard */,
			);
			path = Storyboard;
			sourceTree = "<group>";
		};
		C66E1F6A2C851118001127F6 /* Home */ = {
			isa = PBXGroup;
			children = (
				C66E1F6C2C851121001127F6 /* View */,
				C66E1F6B2C85111C001127F6 /* ViewModel */,
			);
			path = Home;
			sourceTree = "<group>";
		};
		C66E1F6B2C85111C001127F6 /* ViewModel */ = {
			isa = PBXGroup;
			children = (
				C66E1F6E2C85113E001127F6 /* HomeViewModel.swift */,
			);
			path = ViewModel;
			sourceTree = "<group>";
		};
		C66E1F6C2C851121001127F6 /* View */ = {
			isa = PBXGroup;
			children = (
				C66E1F702C85115C001127F6 /* HomeViewController.swift */,
				A9D0F0C32C864B1D00ABA14E /* AdsCollectionCell.swift */,
				A9D0F0C22C864B1D00ABA14E /* adsModel.swift */,
				A9D0F0C42C864B1D00ABA14E /* BrandsCollectionCell.swift */,
				C66E1F6D2C851124001127F6 /* Storyboard */,
			);
			path = View;
			sourceTree = "<group>";
		};
		C66E1F6D2C851124001127F6 /* Storyboard */ = {
			isa = PBXGroup;
			children = (
				C66E1F722C85116B001127F6 /* Home.storyboard */,
			);
			path = Storyboard;
			sourceTree = "<group>";
		};
		C66E1F742C851185001127F6 /* ShoppingCart */ = {
			isa = PBXGroup;
			children = (
				C66E1F762C85118F001127F6 /* View */,
				C66E1F752C851189001127F6 /* ViewModel */,
			);
			path = ShoppingCart;
			sourceTree = "<group>";
		};
		C66E1F752C851189001127F6 /* ViewModel */ = {
			isa = PBXGroup;
			children = (
				C66E1F7C2C8511B7001127F6 /* ShoppingCartViewModel.swift */,
			);
			path = ViewModel;
			sourceTree = "<group>";
		};
		C66E1F762C85118F001127F6 /* View */ = {
			isa = PBXGroup;
			children = (
				C66E1F782C8511A3001127F6 /* ShoppingCartViewController.swift */,
				C67432872C863CE6001A0753 /* ProductCell.swift */,
				C6B78B792C8A117100889849 /* DiscountViewController.swift */,
				C6B78B782C8A117100889849 /* AddressViewController.swift */,
				C6B78B7A2C8A117100889849 /* AddAddressViewController.swift */,
				C66E1F772C851192001127F6 /* Storyboard */,
			);
			path = View;
			sourceTree = "<group>";
		};
		C66E1F772C851192001127F6 /* Storyboard */ = {
			isa = PBXGroup;
			children = (
				C66E1F7A2C8511AC001127F6 /* ShoppingCart.storyboard */,
			);
			path = Storyboard;
			sourceTree = "<group>";
		};
		C66E1F7E2C8511E3001127F6 /* Model */ = {
			isa = PBXGroup;
			children = (
				C68C4EE02C87A6D40040DF87 /* BrandsCollection.swift */,
				A970BF2B2C87F3AF0082ED45 /* Products.swift */,
			);
			path = Model;
			sourceTree = "<group>";
		};
		C67432712C863A10001A0753 /* ProductDetails */ = {
			isa = PBXGroup;
			children = (
				C67432772C863A4C001A0753 /* View */,
				C67432722C863A17001A0753 /* ViewModel */,
			);
			path = ProductDetails;
			sourceTree = "<group>";
		};
		C67432722C863A17001A0753 /* ViewModel */ = {
			isa = PBXGroup;
			children = (
				C674327B2C863AA6001A0753 /* ProductDetailsViewModel.swift */,
			);
			path = ViewModel;
			sourceTree = "<group>";
		};
		C67432772C863A4C001A0753 /* View */ = {
			isa = PBXGroup;
			children = (
				C67432752C863A43001A0753 /* ProductDetailsViewController.swift */,
				C67432782C863A50001A0753 /* Storyboard */,
			);
			path = View;
			sourceTree = "<group>";
		};
		C67432782C863A50001A0753 /* Storyboard */ = {
			isa = PBXGroup;
			children = (
				C67432792C863A5E001A0753 /* ProductDetails.storyboard */,
			);
			path = Storyboard;
			sourceTree = "<group>";
		};
		C674328A2C863F11001A0753 /* Stroyboard */ = {
			isa = PBXGroup;
			children = (
				C67432892C863F11001A0753 /* Settings.storyboard */,
			);
			path = Stroyboard;
			sourceTree = "<group>";
		};
		C674328D2C863F11001A0753 /* View */ = {
			isa = PBXGroup;
			children = (
				C674328C2C863F11001A0753 /* SettingsViewController.swift */,
				C66265192C86596D003D317F /* CurrencyViewController.swift */,
				C662651B2C86597D003D317F /* AboutViewController.swift */,
				C674328B2C863F11001A0753 /* SettingCell.swift */,
				C674328A2C863F11001A0753 /* Stroyboard */,
			);
			path = View;
			sourceTree = "<group>";
		};
		C674328E2C863F11001A0753 /* Settings */ = {
			isa = PBXGroup;
			children = (
				C674328D2C863F11001A0753 /* View */,
				C67432922C863F24001A0753 /* ViewModel */,
			);
			path = Settings;
			sourceTree = "<group>";
		};
		C67432922C863F24001A0753 /* ViewModel */ = {
			isa = PBXGroup;
			children = (
				C67432932C863F35001A0753 /* SettingsViewModel.swift */,
			);
			path = ViewModel;
			sourceTree = "<group>";
		};
		C9F62C285B9CD962C443C723 /* Pods */ = {
			isa = PBXGroup;
			children = (
				3A68950D12B1ACB373B86999 /* Pods-NextAGE Shopify.debug.xcconfig */,
				B72BC91ED353A326E35BAEEE /* Pods-NextAGE Shopify.release.xcconfig */,
			);
			path = Pods;
			sourceTree = "<group>";
		};
/* End PBXGroup section */

/* Begin PBXNativeTarget section */
		A94A12102C84D06D00AE0E09 /* NextAGE Shopify */ = {
			isa = PBXNativeTarget;
			buildConfigurationList = A94A12252C84D07000AE0E09 /* Build configuration list for PBXNativeTarget "NextAGE Shopify" */;
			buildPhases = (
				61040F12C3BF9F29E963B8A8 /* [CP] Check Pods Manifest.lock */,
				A94A120D2C84D06D00AE0E09 /* Sources */,
				A94A120E2C84D06D00AE0E09 /* Frameworks */,
				A94A120F2C84D06D00AE0E09 /* Resources */,
				2F987ACEFF48AB28DE10FEB9 /* [CP] Embed Pods Frameworks */,
			);
			buildRules = (
			);
			dependencies = (
			);
			name = "NextAGE Shopify";
			productName = "NextAGE Shopify";
			productReference = A94A12112C84D06D00AE0E09 /* NextAGE Shopify.app */;
			productType = "com.apple.product-type.application";
		};
/* End PBXNativeTarget section */

/* Begin PBXProject section */
		A94A12092C84D06D00AE0E09 /* Project object */ = {
			isa = PBXProject;
			attributes = {
				BuildIndependentTargetsInParallel = 1;
				LastSwiftUpdateCheck = 1520;
				LastUpgradeCheck = 1520;
				TargetAttributes = {
					A94A12102C84D06D00AE0E09 = {
						CreatedOnToolsVersion = 15.2;
					};
				};
			};
			buildConfigurationList = A94A120C2C84D06D00AE0E09 /* Build configuration list for PBXProject "NextAGE Shopify" */;
			compatibilityVersion = "Xcode 14.0";
			developmentRegion = en;
			hasScannedForEncodings = 0;
			knownRegions = (
				en,
				Base,
			);
			mainGroup = A94A12082C84D06D00AE0E09;
			productRefGroup = A94A12122C84D06D00AE0E09 /* Products */;
			projectDirPath = "";
			projectRoot = "";
			targets = (
				A94A12102C84D06D00AE0E09 /* NextAGE Shopify */,
			);
		};
/* End PBXProject section */

/* Begin PBXResourcesBuildPhase section */
		A94A120F2C84D06D00AE0E09 /* Resources */ = {
			isa = PBXResourcesBuildPhase;
			buildActionMask = 2147483647;
			files = (
				C66E1F862C8512AF001127F6 /* Auth.storyboard in Resources */,
				C66E1F7B2C8511AC001127F6 /* ShoppingCart.storyboard in Resources */,
				A9D0F0CA2C864B5100ABA14E /* CustomTapBar.xib in Resources */,
				C67432702C863818001A0753 /* intro.mp4 in Resources */,
				C66E1F732C85116B001127F6 /* Home.storyboard in Resources */,
				A94A12212C84D07000AE0E09 /* LaunchScreen.storyboard in Resources */,
				C674327A2C863A5E001A0753 /* ProductDetails.storyboard in Resources */,
				C64C33822C8741F500EF1928 /* Payment.storyboard in Resources */,
				A94A121E2C84D07000AE0E09 /* Assets.xcassets in Resources */,
				A970BF242C87AB580082ED45 /* CategoriesCollectionCell.xib in Resources */,
				C66E1F692C8510D6001127F6 /* MainTabBar.storyboard in Resources */,
				A9D0F0D02C864B9B00ABA14E /* Colors.xcassets in Resources */,
				A94A121C2C84D06D00AE0E09 /* Main.storyboard in Resources */,
				C674328F2C863F11001A0753 /* Settings.storyboard in Resources */,
			);
			runOnlyForDeploymentPostprocessing = 0;
		};
/* End PBXResourcesBuildPhase section */

/* Begin PBXShellScriptBuildPhase section */
		2F987ACEFF48AB28DE10FEB9 /* [CP] Embed Pods Frameworks */ = {
			isa = PBXShellScriptBuildPhase;
			buildActionMask = 2147483647;
			files = (
			);
			inputFileListPaths = (
				"${PODS_ROOT}/Target Support Files/Pods-NextAGE Shopify/Pods-NextAGE Shopify-frameworks-${CONFIGURATION}-input-files.xcfilelist",
			);
			name = "[CP] Embed Pods Frameworks";
			outputFileListPaths = (
				"${PODS_ROOT}/Target Support Files/Pods-NextAGE Shopify/Pods-NextAGE Shopify-frameworks-${CONFIGURATION}-output-files.xcfilelist",
			);
			runOnlyForDeploymentPostprocessing = 0;
			shellPath = /bin/sh;
			shellScript = "\"${PODS_ROOT}/Target Support Files/Pods-NextAGE Shopify/Pods-NextAGE Shopify-frameworks.sh\"\n";
			showEnvVarsInLog = 0;
		};
		61040F12C3BF9F29E963B8A8 /* [CP] Check Pods Manifest.lock */ = {
			isa = PBXShellScriptBuildPhase;
			buildActionMask = 2147483647;
			files = (
			);
			inputFileListPaths = (
			);
			inputPaths = (
				"${PODS_PODFILE_DIR_PATH}/Podfile.lock",
				"${PODS_ROOT}/Manifest.lock",
			);
			name = "[CP] Check Pods Manifest.lock";
			outputFileListPaths = (
			);
			outputPaths = (
				"$(DERIVED_FILE_DIR)/Pods-NextAGE Shopify-checkManifestLockResult.txt",
			);
			runOnlyForDeploymentPostprocessing = 0;
			shellPath = /bin/sh;
			shellScript = "diff \"${PODS_PODFILE_DIR_PATH}/Podfile.lock\" \"${PODS_ROOT}/Manifest.lock\" > /dev/null\nif [ $? != 0 ] ; then\n    # print error to STDERR\n    echo \"error: The sandbox is not in sync with the Podfile.lock. Run 'pod install' or update your CocoaPods installation.\" >&2\n    exit 1\nfi\n# This output is used by Xcode 'outputs' to avoid re-running this script phase.\necho \"SUCCESS\" > \"${SCRIPT_OUTPUT_FILE_0}\"\n";
			showEnvVarsInLog = 0;
		};
/* End PBXShellScriptBuildPhase section */

/* Begin PBXSourcesBuildPhase section */
		A94A120D2C84D06D00AE0E09 /* Sources */ = {
			isa = PBXSourcesBuildPhase;
			buildActionMask = 2147483647;
			files = (
				A970BF232C87AB580082ED45 /* CategoriesCollectionCell.swift in Sources */,
				C67432762C863A43001A0753 /* ProductDetailsViewController.swift in Sources */,
				C662651A2C86596D003D317F /* CurrencyViewController.swift in Sources */,
				C64C33832C8741F500EF1928 /* ConfirmationViewController.swift in Sources */,
				A94A122D2C84DCA000AE0E09 /* UIView+Extension.swift in Sources */,
				C674327C2C863AA6001A0753 /* ProductDetailsViewModel.swift in Sources */,
				C674326C2C863693001A0753 /* AuthOptionsViewController.swift in Sources */,
				C674326D2C863693001A0753 /* HomeViewControllerr.swift in Sources */,
				C64C33852C8741F500EF1928 /* PaymentViewController.swift in Sources */,
				A9D0F0D22C864BBD00ABA14E /* Colors.swift in Sources */,
				A95F17CD2C88F515001FF2EF /* SearchTableCell.swift in Sources */,
				A970BF052C8780BB0082ED45 /* UserDefaultManager.swift in Sources */,
				C66E1F6F2C85113E001127F6 /* HomeViewModel.swift in Sources */,
				C66E1F672C8510C4001127F6 /* MainTabBarViewModel.swift in Sources */,
				A94A122B2C84D75000AE0E09 /* MainViewController.swift in Sources */,
				A94A12352C84E60E00AE0E09 /* SignInViewController.swift in Sources */,
				C67432942C863F35001A0753 /* SettingsViewModel.swift in Sources */,
				A970BF032C8780950082ED45 /* UICollectionView+Extension.swift in Sources */,
				A970BF282C87D2940082ED45 /* UIViewController+Extension.swift in Sources */,
				C6B78B7D2C8A117100889849 /* AddAddressViewController.swift in Sources */,
				A970BF2C2C87F3AF0082ED45 /* Products.swift in Sources */,
				A9D0F0C62C864B1D00ABA14E /* adsModel.swift in Sources */,
				A970BF2A2C87D3070082ED45 /* ConnectivityService.swift in Sources */,
				C66E1F712C85115C001127F6 /* HomeViewController.swift in Sources */,
				A970BF2E2C88ABE40082ED45 /* Helper.swift in Sources */,
				C67432902C863F11001A0753 /* SettingCell.swift in Sources */,
				C66E1F652C85108F001127F6 /* MainTabBarController.swift in Sources */,
				C64C33862C8741F500EF1928 /* PaymentViewModel.swift in Sources */,
				A9D0F0CC2C864B6400ABA14E /* CustomTapBar.swift in Sources */,
				C68C4EC22C878ADC0040DF87 /* NetworkManager.swift in Sources */,
				C68C4EC62C878CBE0040DF87 /* NetworkHelper.swift in Sources */,
				C674326E2C863693001A0753 /* AuthOptionsView.swift in Sources */,
				C68C4EDF2C87A6B00040DF87 /* ShopfiyAPI.swift in Sources */,
				A94A12312C84E5CD00AE0E09 /* SignupViewController.swift in Sources */,
				C6B78B7B2C8A117100889849 /* AddressViewController.swift in Sources */,
				A9D0F0C82C864B1D00ABA14E /* BrandsCollectionCell.swift in Sources */,
				C662651C2C86597D003D317F /* AboutViewController.swift in Sources */,
				A970BF0B2C8781070082ED45 /* BrandsViewController.swift in Sources */,
				C68C4EE12C87A6D40040DF87 /* BrandsCollection.swift in Sources */,
				C66E1F7D2C8511B7001127F6 /* ShoppingCartViewModel.swift in Sources */,
				A94A12152C84D06D00AE0E09 /* AppDelegate.swift in Sources */,
				A970BF202C8782270082ED45 /* CategoriesViewController.swift in Sources */,
				C66E1F792C8511A3001127F6 /* ShoppingCartViewController.swift in Sources */,
				A970BF0C2C8781070082ED45 /* BrandItemCollectionCell.swift in Sources */,
				C67432882C863CE6001A0753 /* ProductCell.swift in Sources */,
				A95F17CB2C88F50C001FF2EF /* SearchViewController.swift in Sources */,
				A94A12172C84D06D00AE0E09 /* SceneDelegate.swift in Sources */,
				C6B78B7C2C8A117100889849 /* DiscountViewController.swift in Sources */,
				C64C33842C8741F500EF1928 /* PaymentMethodCell.swift in Sources */,
				C66E1F882C8512C6001127F6 /* placeholder3.swift in Sources */,
				A9D0F0C72C864B1D00ABA14E /* AdsCollectionCell.swift in Sources */,
				C67432912C863F11001A0753 /* SettingsViewController.swift in Sources */,
			);
			runOnlyForDeploymentPostprocessing = 0;
		};
/* End PBXSourcesBuildPhase section */

/* Begin PBXVariantGroup section */
		A94A121A2C84D06D00AE0E09 /* Main.storyboard */ = {
			isa = PBXVariantGroup;
			children = (
				A94A121B2C84D06D00AE0E09 /* Base */,
			);
			name = Main.storyboard;
			sourceTree = "<group>";
		};
		A94A121F2C84D07000AE0E09 /* LaunchScreen.storyboard */ = {
			isa = PBXVariantGroup;
			children = (
				A94A12202C84D07000AE0E09 /* Base */,
			);
			name = LaunchScreen.storyboard;
			sourceTree = "<group>";
		};
/* End PBXVariantGroup section */

/* Begin XCBuildConfiguration section */
		A94A12232C84D07000AE0E09 /* Debug */ = {
			isa = XCBuildConfiguration;
			buildSettings = {
				ALWAYS_SEARCH_USER_PATHS = NO;
				ASSETCATALOG_COMPILER_GENERATE_SWIFT_ASSET_SYMBOL_EXTENSIONS = YES;
				CLANG_ANALYZER_NONNULL = YES;
				CLANG_ANALYZER_NUMBER_OBJECT_CONVERSION = YES_AGGRESSIVE;
				CLANG_CXX_LANGUAGE_STANDARD = "gnu++20";
				CLANG_ENABLE_MODULES = YES;
				CLANG_ENABLE_OBJC_ARC = YES;
				CLANG_ENABLE_OBJC_WEAK = YES;
				CLANG_WARN_BLOCK_CAPTURE_AUTORELEASING = YES;
				CLANG_WARN_BOOL_CONVERSION = YES;
				CLANG_WARN_COMMA = YES;
				CLANG_WARN_CONSTANT_CONVERSION = YES;
				CLANG_WARN_DEPRECATED_OBJC_IMPLEMENTATIONS = YES;
				CLANG_WARN_DIRECT_OBJC_ISA_USAGE = YES_ERROR;
				CLANG_WARN_DOCUMENTATION_COMMENTS = YES;
				CLANG_WARN_EMPTY_BODY = YES;
				CLANG_WARN_ENUM_CONVERSION = YES;
				CLANG_WARN_INFINITE_RECURSION = YES;
				CLANG_WARN_INT_CONVERSION = YES;
				CLANG_WARN_NON_LITERAL_NULL_CONVERSION = YES;
				CLANG_WARN_OBJC_IMPLICIT_RETAIN_SELF = YES;
				CLANG_WARN_OBJC_LITERAL_CONVERSION = YES;
				CLANG_WARN_OBJC_ROOT_CLASS = YES_ERROR;
				CLANG_WARN_QUOTED_INCLUDE_IN_FRAMEWORK_HEADER = YES;
				CLANG_WARN_RANGE_LOOP_ANALYSIS = YES;
				CLANG_WARN_STRICT_PROTOTYPES = YES;
				CLANG_WARN_SUSPICIOUS_MOVE = YES;
				CLANG_WARN_UNGUARDED_AVAILABILITY = YES_AGGRESSIVE;
				CLANG_WARN_UNREACHABLE_CODE = YES;
				CLANG_WARN__DUPLICATE_METHOD_MATCH = YES;
				COPY_PHASE_STRIP = NO;
				DEBUG_INFORMATION_FORMAT = dwarf;
				ENABLE_STRICT_OBJC_MSGSEND = YES;
				ENABLE_TESTABILITY = YES;
				ENABLE_USER_SCRIPT_SANDBOXING = NO;
				GCC_C_LANGUAGE_STANDARD = gnu17;
				GCC_DYNAMIC_NO_PIC = NO;
				GCC_NO_COMMON_BLOCKS = YES;
				GCC_OPTIMIZATION_LEVEL = 0;
				GCC_PREPROCESSOR_DEFINITIONS = (
					"DEBUG=1",
					"$(inherited)",
				);
				GCC_WARN_64_TO_32_BIT_CONVERSION = YES;
				GCC_WARN_ABOUT_RETURN_TYPE = YES_ERROR;
				GCC_WARN_UNDECLARED_SELECTOR = YES;
				GCC_WARN_UNINITIALIZED_AUTOS = YES_AGGRESSIVE;
				GCC_WARN_UNUSED_FUNCTION = YES;
				GCC_WARN_UNUSED_VARIABLE = YES;
				IPHONEOS_DEPLOYMENT_TARGET = 17.2;
				LOCALIZATION_PREFERS_STRING_CATALOGS = YES;
				MTL_ENABLE_DEBUG_INFO = INCLUDE_SOURCE;
				MTL_FAST_MATH = YES;
				ONLY_ACTIVE_ARCH = YES;
				SDKROOT = iphoneos;
				SWIFT_ACTIVE_COMPILATION_CONDITIONS = "DEBUG $(inherited)";
				SWIFT_OPTIMIZATION_LEVEL = "-Onone";
			};
			name = Debug;
		};
		A94A12242C84D07000AE0E09 /* Release */ = {
			isa = XCBuildConfiguration;
			buildSettings = {
				ALWAYS_SEARCH_USER_PATHS = NO;
				ASSETCATALOG_COMPILER_GENERATE_SWIFT_ASSET_SYMBOL_EXTENSIONS = YES;
				CLANG_ANALYZER_NONNULL = YES;
				CLANG_ANALYZER_NUMBER_OBJECT_CONVERSION = YES_AGGRESSIVE;
				CLANG_CXX_LANGUAGE_STANDARD = "gnu++20";
				CLANG_ENABLE_MODULES = YES;
				CLANG_ENABLE_OBJC_ARC = YES;
				CLANG_ENABLE_OBJC_WEAK = YES;
				CLANG_WARN_BLOCK_CAPTURE_AUTORELEASING = YES;
				CLANG_WARN_BOOL_CONVERSION = YES;
				CLANG_WARN_COMMA = YES;
				CLANG_WARN_CONSTANT_CONVERSION = YES;
				CLANG_WARN_DEPRECATED_OBJC_IMPLEMENTATIONS = YES;
				CLANG_WARN_DIRECT_OBJC_ISA_USAGE = YES_ERROR;
				CLANG_WARN_DOCUMENTATION_COMMENTS = YES;
				CLANG_WARN_EMPTY_BODY = YES;
				CLANG_WARN_ENUM_CONVERSION = YES;
				CLANG_WARN_INFINITE_RECURSION = YES;
				CLANG_WARN_INT_CONVERSION = YES;
				CLANG_WARN_NON_LITERAL_NULL_CONVERSION = YES;
				CLANG_WARN_OBJC_IMPLICIT_RETAIN_SELF = YES;
				CLANG_WARN_OBJC_LITERAL_CONVERSION = YES;
				CLANG_WARN_OBJC_ROOT_CLASS = YES_ERROR;
				CLANG_WARN_QUOTED_INCLUDE_IN_FRAMEWORK_HEADER = YES;
				CLANG_WARN_RANGE_LOOP_ANALYSIS = YES;
				CLANG_WARN_STRICT_PROTOTYPES = YES;
				CLANG_WARN_SUSPICIOUS_MOVE = YES;
				CLANG_WARN_UNGUARDED_AVAILABILITY = YES_AGGRESSIVE;
				CLANG_WARN_UNREACHABLE_CODE = YES;
				CLANG_WARN__DUPLICATE_METHOD_MATCH = YES;
				COPY_PHASE_STRIP = NO;
				DEBUG_INFORMATION_FORMAT = "dwarf-with-dsym";
				ENABLE_NS_ASSERTIONS = NO;
				ENABLE_STRICT_OBJC_MSGSEND = YES;
				ENABLE_USER_SCRIPT_SANDBOXING = NO;
				GCC_C_LANGUAGE_STANDARD = gnu17;
				GCC_NO_COMMON_BLOCKS = YES;
				GCC_WARN_64_TO_32_BIT_CONVERSION = YES;
				GCC_WARN_ABOUT_RETURN_TYPE = YES_ERROR;
				GCC_WARN_UNDECLARED_SELECTOR = YES;
				GCC_WARN_UNINITIALIZED_AUTOS = YES_AGGRESSIVE;
				GCC_WARN_UNUSED_FUNCTION = YES;
				GCC_WARN_UNUSED_VARIABLE = YES;
				IPHONEOS_DEPLOYMENT_TARGET = 17.2;
				LOCALIZATION_PREFERS_STRING_CATALOGS = YES;
				MTL_ENABLE_DEBUG_INFO = NO;
				MTL_FAST_MATH = YES;
				SDKROOT = iphoneos;
				SWIFT_COMPILATION_MODE = wholemodule;
				VALIDATE_PRODUCT = YES;
			};
			name = Release;
		};
		A94A12262C84D07000AE0E09 /* Debug */ = {
			isa = XCBuildConfiguration;
			baseConfigurationReference = 3A68950D12B1ACB373B86999 /* Pods-NextAGE Shopify.debug.xcconfig */;
			buildSettings = {
				ASSETCATALOG_COMPILER_APPICON_NAME = AppIcon;
				ASSETCATALOG_COMPILER_GLOBAL_ACCENT_COLOR_NAME = AccentColor;
				CODE_SIGN_STYLE = Automatic;
				CURRENT_PROJECT_VERSION = 1;
				GENERATE_INFOPLIST_FILE = YES;
				INFOPLIST_FILE = "NextAGE Shopify/Info.plist";
				INFOPLIST_KEY_UIApplicationSupportsIndirectInputEvents = YES;
				INFOPLIST_KEY_UILaunchStoryboardName = LaunchScreen;
				INFOPLIST_KEY_UIMainStoryboardFile = Main;
				INFOPLIST_KEY_UISupportedInterfaceOrientations_iPad = "UIInterfaceOrientationPortrait UIInterfaceOrientationPortraitUpsideDown UIInterfaceOrientationLandscapeLeft UIInterfaceOrientationLandscapeRight";
				INFOPLIST_KEY_UISupportedInterfaceOrientations_iPhone = "UIInterfaceOrientationPortrait UIInterfaceOrientationLandscapeLeft UIInterfaceOrientationLandscapeRight";
				IPHONEOS_DEPLOYMENT_TARGET = 15.0;
				LD_RUNPATH_SEARCH_PATHS = (
					"$(inherited)",
					"@executable_path/Frameworks",
				);
				MARKETING_VERSION = 1.0;
				PRODUCT_BUNDLE_IDENTIFIER = "engy.NextAGE-Shopify";
				PRODUCT_NAME = "$(TARGET_NAME)";
				SWIFT_EMIT_LOC_STRINGS = YES;
				SWIFT_VERSION = 5.0;
				TARGETED_DEVICE_FAMILY = "1,2";
			};
			name = Debug;
		};
		A94A12272C84D07000AE0E09 /* Release */ = {
			isa = XCBuildConfiguration;
			baseConfigurationReference = B72BC91ED353A326E35BAEEE /* Pods-NextAGE Shopify.release.xcconfig */;
			buildSettings = {
				ASSETCATALOG_COMPILER_APPICON_NAME = AppIcon;
				ASSETCATALOG_COMPILER_GLOBAL_ACCENT_COLOR_NAME = AccentColor;
				CODE_SIGN_STYLE = Automatic;
				CURRENT_PROJECT_VERSION = 1;
				GENERATE_INFOPLIST_FILE = YES;
				INFOPLIST_FILE = "NextAGE Shopify/Info.plist";
				INFOPLIST_KEY_UIApplicationSupportsIndirectInputEvents = YES;
				INFOPLIST_KEY_UILaunchStoryboardName = LaunchScreen;
				INFOPLIST_KEY_UIMainStoryboardFile = Main;
				INFOPLIST_KEY_UISupportedInterfaceOrientations_iPad = "UIInterfaceOrientationPortrait UIInterfaceOrientationPortraitUpsideDown UIInterfaceOrientationLandscapeLeft UIInterfaceOrientationLandscapeRight";
				INFOPLIST_KEY_UISupportedInterfaceOrientations_iPhone = "UIInterfaceOrientationPortrait UIInterfaceOrientationLandscapeLeft UIInterfaceOrientationLandscapeRight";
				IPHONEOS_DEPLOYMENT_TARGET = 15.0;
				LD_RUNPATH_SEARCH_PATHS = (
					"$(inherited)",
					"@executable_path/Frameworks",
				);
				MARKETING_VERSION = 1.0;
				PRODUCT_BUNDLE_IDENTIFIER = "engy.NextAGE-Shopify";
				PRODUCT_NAME = "$(TARGET_NAME)";
				SWIFT_EMIT_LOC_STRINGS = YES;
				SWIFT_VERSION = 5.0;
				TARGETED_DEVICE_FAMILY = "1,2";
			};
			name = Release;
		};
/* End XCBuildConfiguration section */

/* Begin XCConfigurationList section */
		A94A120C2C84D06D00AE0E09 /* Build configuration list for PBXProject "NextAGE Shopify" */ = {
			isa = XCConfigurationList;
			buildConfigurations = (
				A94A12232C84D07000AE0E09 /* Debug */,
				A94A12242C84D07000AE0E09 /* Release */,
			);
			defaultConfigurationIsVisible = 0;
			defaultConfigurationName = Release;
		};
		A94A12252C84D07000AE0E09 /* Build configuration list for PBXNativeTarget "NextAGE Shopify" */ = {
			isa = XCConfigurationList;
			buildConfigurations = (
				A94A12262C84D07000AE0E09 /* Debug */,
				A94A12272C84D07000AE0E09 /* Release */,
			);
			defaultConfigurationIsVisible = 0;
			defaultConfigurationName = Release;
		};
/* End XCConfigurationList section */
	};
	rootObject = A94A12092C84D06D00AE0E09 /* Project object */;
}
